// !$*UTF8*$!
{
	archiveVersion = 1;
	classes = {
	};
	objectVersion = 46;
	objects = {

/* Begin PBXBuildFile section */
		BD290D9B18DA1FFF00706D7C /* Foundation.framework in Frameworks */ = {isa = PBXBuildFile; fileRef = BD290D9A18DA1FFF00706D7C /* Foundation.framework */; };
		BD290D9D18DA1FFF00706D7C /* CoreGraphics.framework in Frameworks */ = {isa = PBXBuildFile; fileRef = BD290D9C18DA1FFF00706D7C /* CoreGraphics.framework */; };
		BD290D9F18DA1FFF00706D7C /* UIKit.framework in Frameworks */ = {isa = PBXBuildFile; fileRef = BD290D9E18DA1FFF00706D7C /* UIKit.framework */; };
		BD290DA518DA1FFF00706D7C /* InfoPlist.strings in Resources */ = {isa = PBXBuildFile; fileRef = BD290DA318DA1FFF00706D7C /* InfoPlist.strings */; };
		BD290DA718DA1FFF00706D7C /* main.m in Sources */ = {isa = PBXBuildFile; fileRef = BD290DA618DA1FFF00706D7C /* main.m */; };
		BD290DAB18DA1FFF00706D7C /* AppDelegate.m in Sources */ = {isa = PBXBuildFile; fileRef = BD290DAA18DA1FFF00706D7C /* AppDelegate.m */; };
		BD290DAE18DA1FFF00706D7C /* Main.storyboard in Resources */ = {isa = PBXBuildFile; fileRef = BD290DAC18DA1FFF00706D7C /* Main.storyboard */; };
		BD290DB318DA1FFF00706D7C /* Images.xcassets in Resources */ = {isa = PBXBuildFile; fileRef = BD290DB218DA1FFF00706D7C /* Images.xcassets */; };
		BD290DBA18DA1FFF00706D7C /* XCTest.framework in Frameworks */ = {isa = PBXBuildFile; fileRef = BD290DB918DA1FFF00706D7C /* XCTest.framework */; };
		BD290DBB18DA1FFF00706D7C /* Foundation.framework in Frameworks */ = {isa = PBXBuildFile; fileRef = BD290D9A18DA1FFF00706D7C /* Foundation.framework */; };
		BD290DBC18DA1FFF00706D7C /* UIKit.framework in Frameworks */ = {isa = PBXBuildFile; fileRef = BD290D9E18DA1FFF00706D7C /* UIKit.framework */; };
		BD290DC418DA1FFF00706D7C /* InfoPlist.strings in Resources */ = {isa = PBXBuildFile; fileRef = BD290DC218DA1FFF00706D7C /* InfoPlist.strings */; };
		BD290DC618DA1FFF00706D7C /* JSONopdrachtTests.m in Sources */ = {isa = PBXBuildFile; fileRef = BD290DC518DA1FFF00706D7C /* JSONopdrachtTests.m */; };
		BD290DD118DA211A00706D7C /* tableViewController.m in Sources */ = {isa = PBXBuildFile; fileRef = BD290DD018DA211A00706D7C /* tableViewController.m */; };
		BD290DD418DA213A00706D7C /* detailsViewController.m in Sources */ = {isa = PBXBuildFile; fileRef = BD290DD318DA213A00706D7C /* detailsViewController.m */; };
		BD290DD718DA21D000706D7C /* Pirate.m in Sources */ = {isa = PBXBuildFile; fileRef = BD290DD618DA21D000706D7C /* Pirate.m */; };
		BD3D2E9518DAF34A009F4FC6 /* Security.framework in Frameworks */ = {isa = PBXBuildFile; fileRef = BD290EC018DA22B000706D7C /* Security.framework */; };
		BD3D2EAA18DAF44A009F4FC6 /* AFHTTPRequestOperation.m in Sources */ = {isa = PBXBuildFile; fileRef = BD3D2E9818DAF44A009F4FC6 /* AFHTTPRequestOperation.m */; };
		BD3D2EAB18DAF44A009F4FC6 /* AFHTTPRequestOperationManager.m in Sources */ = {isa = PBXBuildFile; fileRef = BD3D2E9A18DAF44A009F4FC6 /* AFHTTPRequestOperationManager.m */; };
		BD3D2EAC18DAF44A009F4FC6 /* AFHTTPSessionManager.m in Sources */ = {isa = PBXBuildFile; fileRef = BD3D2E9C18DAF44A009F4FC6 /* AFHTTPSessionManager.m */; };
		BD3D2EAD18DAF44A009F4FC6 /* AFNetworkReachabilityManager.m in Sources */ = {isa = PBXBuildFile; fileRef = BD3D2E9F18DAF44A009F4FC6 /* AFNetworkReachabilityManager.m */; };
		BD3D2EAE18DAF44A009F4FC6 /* AFSecurityPolicy.m in Sources */ = {isa = PBXBuildFile; fileRef = BD3D2EA118DAF44A009F4FC6 /* AFSecurityPolicy.m */; };
		BD3D2EAF18DAF44A009F4FC6 /* AFURLConnectionOperation.m in Sources */ = {isa = PBXBuildFile; fileRef = BD3D2EA318DAF44A009F4FC6 /* AFURLConnectionOperation.m */; };
		BD3D2EB018DAF44A009F4FC6 /* AFURLRequestSerialization.m in Sources */ = {isa = PBXBuildFile; fileRef = BD3D2EA518DAF44A009F4FC6 /* AFURLRequestSerialization.m */; };
		BD3D2EB118DAF44A009F4FC6 /* AFURLResponseSerialization.m in Sources */ = {isa = PBXBuildFile; fileRef = BD3D2EA718DAF44A009F4FC6 /* AFURLResponseSerialization.m */; };
		BD3D2EB218DAF44A009F4FC6 /* AFURLSessionManager.m in Sources */ = {isa = PBXBuildFile; fileRef = BD3D2EA918DAF44A009F4FC6 /* AFURLSessionManager.m */; };
/* End PBXBuildFile section */

/* Begin PBXContainerItemProxy section */
		BD290DBD18DA1FFF00706D7C /* PBXContainerItemProxy */ = {
			isa = PBXContainerItemProxy;
			containerPortal = BD290D8F18DA1FFF00706D7C /* Project object */;
			proxyType = 1;
			remoteGlobalIDString = BD290D9618DA1FFF00706D7C;
			remoteInfo = JSONopdracht;
		};
/* End PBXContainerItemProxy section */

/* Begin PBXFileReference section */
		BD290D9718DA1FFF00706D7C /* JSONopdracht.app */ = {isa = PBXFileReference; explicitFileType = wrapper.application; includeInIndex = 0; path = JSONopdracht.app; sourceTree = BUILT_PRODUCTS_DIR; };
		BD290D9A18DA1FFF00706D7C /* Foundation.framework */ = {isa = PBXFileReference; lastKnownFileType = wrapper.framework; name = Foundation.framework; path = System/Library/Frameworks/Foundation.framework; sourceTree = SDKROOT; };
		BD290D9C18DA1FFF00706D7C /* CoreGraphics.framework */ = {isa = PBXFileReference; lastKnownFileType = wrapper.framework; name = CoreGraphics.framework; path = System/Library/Frameworks/CoreGraphics.framework; sourceTree = SDKROOT; };
		BD290D9E18DA1FFF00706D7C /* UIKit.framework */ = {isa = PBXFileReference; lastKnownFileType = wrapper.framework; name = UIKit.framework; path = System/Library/Frameworks/UIKit.framework; sourceTree = SDKROOT; };
		BD290DA218DA1FFF00706D7C /* JSONopdracht-Info.plist */ = {isa = PBXFileReference; lastKnownFileType = text.plist.xml; path = "JSONopdracht-Info.plist"; sourceTree = "<group>"; };
		BD290DA418DA1FFF00706D7C /* en */ = {isa = PBXFileReference; lastKnownFileType = text.plist.strings; name = en; path = en.lproj/InfoPlist.strings; sourceTree = "<group>"; };
		BD290DA618DA1FFF00706D7C /* main.m */ = {isa = PBXFileReference; lastKnownFileType = sourcecode.c.objc; path = main.m; sourceTree = "<group>"; };
		BD290DA818DA1FFF00706D7C /* JSONopdracht-Prefix.pch */ = {isa = PBXFileReference; lastKnownFileType = sourcecode.c.h; path = "JSONopdracht-Prefix.pch"; sourceTree = "<group>"; };
		BD290DA918DA1FFF00706D7C /* AppDelegate.h */ = {isa = PBXFileReference; lastKnownFileType = sourcecode.c.h; path = AppDelegate.h; sourceTree = "<group>"; };
		BD290DAA18DA1FFF00706D7C /* AppDelegate.m */ = {isa = PBXFileReference; lastKnownFileType = sourcecode.c.objc; path = AppDelegate.m; sourceTree = "<group>"; };
		BD290DAD18DA1FFF00706D7C /* Base */ = {isa = PBXFileReference; lastKnownFileType = file.storyboard; name = Base; path = Base.lproj/Main.storyboard; sourceTree = "<group>"; };
		BD290DB218DA1FFF00706D7C /* Images.xcassets */ = {isa = PBXFileReference; lastKnownFileType = folder.assetcatalog; path = Images.xcassets; sourceTree = "<group>"; };
		BD290DB818DA1FFF00706D7C /* JSONopdrachtTests.xctest */ = {isa = PBXFileReference; explicitFileType = wrapper.cfbundle; includeInIndex = 0; path = JSONopdrachtTests.xctest; sourceTree = BUILT_PRODUCTS_DIR; };
		BD290DB918DA1FFF00706D7C /* XCTest.framework */ = {isa = PBXFileReference; lastKnownFileType = wrapper.framework; name = XCTest.framework; path = Library/Frameworks/XCTest.framework; sourceTree = DEVELOPER_DIR; };
		BD290DC118DA1FFF00706D7C /* JSONopdrachtTests-Info.plist */ = {isa = PBXFileReference; lastKnownFileType = text.plist.xml; path = "JSONopdrachtTests-Info.plist"; sourceTree = "<group>"; };
		BD290DC318DA1FFF00706D7C /* en */ = {isa = PBXFileReference; lastKnownFileType = text.plist.strings; name = en; path = en.lproj/InfoPlist.strings; sourceTree = "<group>"; };
		BD290DC518DA1FFF00706D7C /* JSONopdrachtTests.m */ = {isa = PBXFileReference; lastKnownFileType = sourcecode.c.objc; path = JSONopdrachtTests.m; sourceTree = "<group>"; };
		BD290DCF18DA211A00706D7C /* tableViewController.h */ = {isa = PBXFileReference; fileEncoding = 4; lastKnownFileType = sourcecode.c.h; path = tableViewController.h; sourceTree = "<group>"; };
		BD290DD018DA211A00706D7C /* tableViewController.m */ = {isa = PBXFileReference; fileEncoding = 4; lastKnownFileType = sourcecode.c.objc; path = tableViewController.m; sourceTree = "<group>"; };
		BD290DD218DA213A00706D7C /* detailsViewController.h */ = {isa = PBXFileReference; fileEncoding = 4; lastKnownFileType = sourcecode.c.h; path = detailsViewController.h; sourceTree = "<group>"; };
		BD290DD318DA213A00706D7C /* detailsViewController.m */ = {isa = PBXFileReference; fileEncoding = 4; lastKnownFileType = sourcecode.c.objc; path = detailsViewController.m; sourceTree = "<group>"; };
		BD290DD518DA21D000706D7C /* Pirate.h */ = {isa = PBXFileReference; fileEncoding = 4; lastKnownFileType = sourcecode.c.h; path = Pirate.h; sourceTree = "<group>"; };
		BD290DD618DA21D000706D7C /* Pirate.m */ = {isa = PBXFileReference; fileEncoding = 4; lastKnownFileType = sourcecode.c.objc; path = Pirate.m; sourceTree = "<group>"; };
		BD290EC018DA22B000706D7C /* Security.framework */ = {isa = PBXFileReference; lastKnownFileType = wrapper.framework; name = Security.framework; path = System/Library/Frameworks/Security.framework; sourceTree = SDKROOT; };
		BD3D2E9718DAF44A009F4FC6 /* AFHTTPRequestOperation.h */ = {isa = PBXFileReference; fileEncoding = 4; lastKnownFileType = sourcecode.c.h; path = AFHTTPRequestOperation.h; sourceTree = "<group>"; };
		BD3D2E9818DAF44A009F4FC6 /* AFHTTPRequestOperation.m */ = {isa = PBXFileReference; fileEncoding = 4; lastKnownFileType = sourcecode.c.objc; path = AFHTTPRequestOperation.m; sourceTree = "<group>"; };
		BD3D2E9918DAF44A009F4FC6 /* AFHTTPRequestOperationManager.h */ = {isa = PBXFileReference; fileEncoding = 4; lastKnownFileType = sourcecode.c.h; path = AFHTTPRequestOperationManager.h; sourceTree = "<group>"; };
		BD3D2E9A18DAF44A009F4FC6 /* AFHTTPRequestOperationManager.m */ = {isa = PBXFileReference; fileEncoding = 4; lastKnownFileType = sourcecode.c.objc; path = AFHTTPRequestOperationManager.m; sourceTree = "<group>"; };
		BD3D2E9B18DAF44A009F4FC6 /* AFHTTPSessionManager.h */ = {isa = PBXFileReference; fileEncoding = 4; lastKnownFileType = sourcecode.c.h; path = AFHTTPSessionManager.h; sourceTree = "<group>"; };
		BD3D2E9C18DAF44A009F4FC6 /* AFHTTPSessionManager.m */ = {isa = PBXFileReference; fileEncoding = 4; lastKnownFileType = sourcecode.c.objc; path = AFHTTPSessionManager.m; sourceTree = "<group>"; };
		BD3D2E9D18DAF44A009F4FC6 /* AFNetworking.h */ = {isa = PBXFileReference; fileEncoding = 4; lastKnownFileType = sourcecode.c.h; path = AFNetworking.h; sourceTree = "<group>"; };
		BD3D2E9E18DAF44A009F4FC6 /* AFNetworkReachabilityManager.h */ = {isa = PBXFileReference; fileEncoding = 4; lastKnownFileType = sourcecode.c.h; path = AFNetworkReachabilityManager.h; sourceTree = "<group>"; };
		BD3D2E9F18DAF44A009F4FC6 /* AFNetworkReachabilityManager.m */ = {isa = PBXFileReference; fileEncoding = 4; lastKnownFileType = sourcecode.c.objc; path = AFNetworkReachabilityManager.m; sourceTree = "<group>"; };
		BD3D2EA018DAF44A009F4FC6 /* AFSecurityPolicy.h */ = {isa = PBXFileReference; fileEncoding = 4; lastKnownFileType = sourcecode.c.h; path = AFSecurityPolicy.h; sourceTree = "<group>"; };
		BD3D2EA118DAF44A009F4FC6 /* AFSecurityPolicy.m */ = {isa = PBXFileReference; fileEncoding = 4; lastKnownFileType = sourcecode.c.objc; path = AFSecurityPolicy.m; sourceTree = "<group>"; };
		BD3D2EA218DAF44A009F4FC6 /* AFURLConnectionOperation.h */ = {isa = PBXFileReference; fileEncoding = 4; lastKnownFileType = sourcecode.c.h; path = AFURLConnectionOperation.h; sourceTree = "<group>"; };
		BD3D2EA318DAF44A009F4FC6 /* AFURLConnectionOperation.m */ = {isa = PBXFileReference; fileEncoding = 4; lastKnownFileType = sourcecode.c.objc; path = AFURLConnectionOperation.m; sourceTree = "<group>"; };
		BD3D2EA418DAF44A009F4FC6 /* AFURLRequestSerialization.h */ = {isa = PBXFileReference; fileEncoding = 4; lastKnownFileType = sourcecode.c.h; path = AFURLRequestSerialization.h; sourceTree = "<group>"; };
		BD3D2EA518DAF44A009F4FC6 /* AFURLRequestSerialization.m */ = {isa = PBXFileReference; fileEncoding = 4; lastKnownFileType = sourcecode.c.objc; path = AFURLRequestSerialization.m; sourceTree = "<group>"; };
		BD3D2EA618DAF44A009F4FC6 /* AFURLResponseSerialization.h */ = {isa = PBXFileReference; fileEncoding = 4; lastKnownFileType = sourcecode.c.h; path = AFURLResponseSerialization.h; sourceTree = "<group>"; };
		BD3D2EA718DAF44A009F4FC6 /* AFURLResponseSerialization.m */ = {isa = PBXFileReference; fileEncoding = 4; lastKnownFileType = sourcecode.c.objc; path = AFURLResponseSerialization.m; sourceTree = "<group>"; };
		BD3D2EA818DAF44A009F4FC6 /* AFURLSessionManager.h */ = {isa = PBXFileReference; fileEncoding = 4; lastKnownFileType = sourcecode.c.h; path = AFURLSessionManager.h; sourceTree = "<group>"; };
		BD3D2EA918DAF44A009F4FC6 /* AFURLSessionManager.m */ = {isa = PBXFileReference; fileEncoding = 4; lastKnownFileType = sourcecode.c.objc; path = AFURLSessionManager.m; sourceTree = "<group>"; };
/* End PBXFileReference section */

/* Begin PBXFrameworksBuildPhase section */
		BD290D9418DA1FFF00706D7C /* Frameworks */ = {
			isa = PBXFrameworksBuildPhase;
			buildActionMask = 2147483647;
			files = (
				BD3D2E9518DAF34A009F4FC6 /* Security.framework in Frameworks */,
				BD290D9D18DA1FFF00706D7C /* CoreGraphics.framework in Frameworks */,
				BD290D9F18DA1FFF00706D7C /* UIKit.framework in Frameworks */,
				BD290D9B18DA1FFF00706D7C /* Foundation.framework in Frameworks */,
			);
			runOnlyForDeploymentPostprocessing = 0;
		};
		BD290DB518DA1FFF00706D7C /* Frameworks */ = {
			isa = PBXFrameworksBuildPhase;
			buildActionMask = 2147483647;
			files = (
				BD290DBA18DA1FFF00706D7C /* XCTest.framework in Frameworks */,
				BD290DBC18DA1FFF00706D7C /* UIKit.framework in Frameworks */,
				BD290DBB18DA1FFF00706D7C /* Foundation.framework in Frameworks */,
			);
			runOnlyForDeploymentPostprocessing = 0;
		};
/* End PBXFrameworksBuildPhase section */

/* Begin PBXGroup section */
		BD290D8E18DA1FFF00706D7C = {
			isa = PBXGroup;
			children = (
				BD290DA018DA1FFF00706D7C /* JSONopdracht */,
				BD290DBF18DA1FFF00706D7C /* JSONopdrachtTests */,
				BD290D9918DA1FFF00706D7C /* Frameworks */,
				BD290D9818DA1FFF00706D7C /* Products */,
			);
			sourceTree = "<group>";
		};
		BD290D9818DA1FFF00706D7C /* Products */ = {
			isa = PBXGroup;
			children = (
				BD290D9718DA1FFF00706D7C /* JSONopdracht.app */,
				BD290DB818DA1FFF00706D7C /* JSONopdrachtTests.xctest */,
			);
			name = Products;
			sourceTree = "<group>";
		};
		BD290D9918DA1FFF00706D7C /* Frameworks */ = {
			isa = PBXGroup;
			children = (
				BD290EC018DA22B000706D7C /* Security.framework */,
				BD290D9A18DA1FFF00706D7C /* Foundation.framework */,
				BD290D9C18DA1FFF00706D7C /* CoreGraphics.framework */,
				BD290D9E18DA1FFF00706D7C /* UIKit.framework */,
				BD290DB918DA1FFF00706D7C /* XCTest.framework */,
			);
			name = Frameworks;
			sourceTree = "<group>";
		};
		BD290DA018DA1FFF00706D7C /* JSONopdracht */ = {
			isa = PBXGroup;
			children = (
				BD3D2E9618DAF44A009F4FC6 /* AFNetworking */,
				BD290DA918DA1FFF00706D7C /* AppDelegate.h */,
				BD290DAA18DA1FFF00706D7C /* AppDelegate.m */,
				BD290DAC18DA1FFF00706D7C /* Main.storyboard */,
				BD290DD518DA21D000706D7C /* Pirate.h */,
				BD290DD618DA21D000706D7C /* Pirate.m */,
				BD290DCF18DA211A00706D7C /* tableViewController.h */,
				BD290DD018DA211A00706D7C /* tableViewController.m */,
				BD290DD218DA213A00706D7C /* detailsViewController.h */,
				BD290DD318DA213A00706D7C /* detailsViewController.m */,
				BD290DB218DA1FFF00706D7C /* Images.xcassets */,
				BD290DA118DA1FFF00706D7C /* Supporting Files */,
			);
			path = JSONopdracht;
			sourceTree = "<group>";
		};
		BD290DA118DA1FFF00706D7C /* Supporting Files */ = {
			isa = PBXGroup;
			children = (
				BD290DA218DA1FFF00706D7C /* JSONopdracht-Info.plist */,
				BD290DA318DA1FFF00706D7C /* InfoPlist.strings */,
				BD290DA618DA1FFF00706D7C /* main.m */,
				BD290DA818DA1FFF00706D7C /* JSONopdracht-Prefix.pch */,
			);
			name = "Supporting Files";
			sourceTree = "<group>";
		};
		BD290DBF18DA1FFF00706D7C /* JSONopdrachtTests */ = {
			isa = PBXGroup;
			children = (
				BD290DC518DA1FFF00706D7C /* JSONopdrachtTests.m */,
				BD290DC018DA1FFF00706D7C /* Supporting Files */,
			);
			path = JSONopdrachtTests;
			sourceTree = "<group>";
		};
		BD290DC018DA1FFF00706D7C /* Supporting Files */ = {
			isa = PBXGroup;
			children = (
				BD290DC118DA1FFF00706D7C /* JSONopdrachtTests-Info.plist */,
				BD290DC218DA1FFF00706D7C /* InfoPlist.strings */,
			);
			name = "Supporting Files";
			sourceTree = "<group>";
		};
		BD3D2E9618DAF44A009F4FC6 /* AFNetworking */ = {
			isa = PBXGroup;
			children = (
				BD3D2E9718DAF44A009F4FC6 /* AFHTTPRequestOperation.h */,
				BD3D2E9818DAF44A009F4FC6 /* AFHTTPRequestOperation.m */,
				BD3D2E9918DAF44A009F4FC6 /* AFHTTPRequestOperationManager.h */,
				BD3D2E9A18DAF44A009F4FC6 /* AFHTTPRequestOperationManager.m */,
				BD3D2E9B18DAF44A009F4FC6 /* AFHTTPSessionManager.h */,
				BD3D2E9C18DAF44A009F4FC6 /* AFHTTPSessionManager.m */,
				BD3D2E9D18DAF44A009F4FC6 /* AFNetworking.h */,
				BD3D2E9E18DAF44A009F4FC6 /* AFNetworkReachabilityManager.h */,
				BD3D2E9F18DAF44A009F4FC6 /* AFNetworkReachabilityManager.m */,
				BD3D2EA018DAF44A009F4FC6 /* AFSecurityPolicy.h */,
				BD3D2EA118DAF44A009F4FC6 /* AFSecurityPolicy.m */,
				BD3D2EA218DAF44A009F4FC6 /* AFURLConnectionOperation.h */,
				BD3D2EA318DAF44A009F4FC6 /* AFURLConnectionOperation.m */,
				BD3D2EA418DAF44A009F4FC6 /* AFURLRequestSerialization.h */,
				BD3D2EA518DAF44A009F4FC6 /* AFURLRequestSerialization.m */,
				BD3D2EA618DAF44A009F4FC6 /* AFURLResponseSerialization.h */,
				BD3D2EA718DAF44A009F4FC6 /* AFURLResponseSerialization.m */,
				BD3D2EA818DAF44A009F4FC6 /* AFURLSessionManager.h */,
				BD3D2EA918DAF44A009F4FC6 /* AFURLSessionManager.m */,
			);
			path = AFNetworking;
			sourceTree = "<group>";
		};
/* End PBXGroup section */

/* Begin PBXNativeTarget section */
		BD290D9618DA1FFF00706D7C /* JSONopdracht */ = {
			isa = PBXNativeTarget;
			buildConfigurationList = BD290DC918DA1FFF00706D7C /* Build configuration list for PBXNativeTarget "JSONopdracht" */;
			buildPhases = (
				BD290D9318DA1FFF00706D7C /* Sources */,
				BD290D9418DA1FFF00706D7C /* Frameworks */,
				BD290D9518DA1FFF00706D7C /* Resources */,
			);
			buildRules = (
			);
			dependencies = (
			);
			name = JSONopdracht;
			productName = JSONopdracht;
			productReference = BD290D9718DA1FFF00706D7C /* JSONopdracht.app */;
			productType = "com.apple.product-type.application";
		};
		BD290DB718DA1FFF00706D7C /* JSONopdrachtTests */ = {
			isa = PBXNativeTarget;
			buildConfigurationList = BD290DCC18DA1FFF00706D7C /* Build configuration list for PBXNativeTarget "JSONopdrachtTests" */;
			buildPhases = (
				BD290DB418DA1FFF00706D7C /* Sources */,
				BD290DB518DA1FFF00706D7C /* Frameworks */,
				BD290DB618DA1FFF00706D7C /* Resources */,
			);
			buildRules = (
			);
			dependencies = (
				BD290DBE18DA1FFF00706D7C /* PBXTargetDependency */,
			);
			name = JSONopdrachtTests;
			productName = JSONopdrachtTests;
			productReference = BD290DB818DA1FFF00706D7C /* JSONopdrachtTests.xctest */;
			productType = "com.apple.product-type.bundle.unit-test";
		};
/* End PBXNativeTarget section */

/* Begin PBXProject section */
		BD290D8F18DA1FFF00706D7C /* Project object */ = {
			isa = PBXProject;
			attributes = {
				LastUpgradeCheck = 0500;
				ORGANIZATIONNAME = Fontys;
				TargetAttributes = {
					BD290D9618DA1FFF00706D7C = {
						DevelopmentTeam = CU3Z5M9BXQ;
					};
					BD290DB718DA1FFF00706D7C = {
						TestTargetID = BD290D9618DA1FFF00706D7C;
					};
				};
			};
			buildConfigurationList = BD290D9218DA1FFF00706D7C /* Build configuration list for PBXProject "JSONopdracht" */;
			compatibilityVersion = "Xcode 3.2";
			developmentRegion = English;
			hasScannedForEncodings = 0;
			knownRegions = (
				en,
				Base,
			);
			mainGroup = BD290D8E18DA1FFF00706D7C;
			productRefGroup = BD290D9818DA1FFF00706D7C /* Products */;
			projectDirPath = "";
			projectRoot = "";
			targets = (
				BD290D9618DA1FFF00706D7C /* JSONopdracht */,
				BD290DB718DA1FFF00706D7C /* JSONopdrachtTests */,
			);
		};
/* End PBXProject section */

/* Begin PBXResourcesBuildPhase section */
		BD290D9518DA1FFF00706D7C /* Resources */ = {
			isa = PBXResourcesBuildPhase;
			buildActionMask = 2147483647;
			files = (
				BD290DB318DA1FFF00706D7C /* Images.xcassets in Resources */,
				BD290DA518DA1FFF00706D7C /* InfoPlist.strings in Resources */,
				BD290DAE18DA1FFF00706D7C /* Main.storyboard in Resources */,
			);
			runOnlyForDeploymentPostprocessing = 0;
		};
		BD290DB618DA1FFF00706D7C /* Resources */ = {
			isa = PBXResourcesBuildPhase;
			buildActionMask = 2147483647;
			files = (
				BD290DC418DA1FFF00706D7C /* InfoPlist.strings in Resources */,
			);
			runOnlyForDeploymentPostprocessing = 0;
		};
/* End PBXResourcesBuildPhase section */

/* Begin PBXSourcesBuildPhase section */
		BD290D9318DA1FFF00706D7C /* Sources */ = {
			isa = PBXSourcesBuildPhase;
			buildActionMask = 2147483647;
			files = (
				BD3D2EAF18DAF44A009F4FC6 /* AFURLConnectionOperation.m in Sources */,
				BD3D2EAA18DAF44A009F4FC6 /* AFHTTPRequestOperation.m in Sources */,
				BD3D2EAD18DAF44A009F4FC6 /* AFNetworkReachabilityManager.m in Sources */,
				BD3D2EB218DAF44A009F4FC6 /* AFURLSessionManager.m in Sources */,
				BD3D2EB018DAF44A009F4FC6 /* AFURLRequestSerialization.m in Sources */,
				BD290DD718DA21D000706D7C /* Pirate.m in Sources */,
				BD3D2EB118DAF44A009F4FC6 /* AFURLResponseSerialization.m in Sources */,
				BD290DD118DA211A00706D7C /* tableViewController.m in Sources */,
				BD290DAB18DA1FFF00706D7C /* AppDelegate.m in Sources */,
				BD3D2EAB18DAF44A009F4FC6 /* AFHTTPRequestOperationManager.m in Sources */,
				BD3D2EAE18DAF44A009F4FC6 /* AFSecurityPolicy.m in Sources */,
				BD290DA718DA1FFF00706D7C /* main.m in Sources */,
				BD290DD418DA213A00706D7C /* detailsViewController.m in Sources */,
				BD3D2EAC18DAF44A009F4FC6 /* AFHTTPSessionManager.m in Sources */,
			);
			runOnlyForDeploymentPostprocessing = 0;
		};
		BD290DB418DA1FFF00706D7C /* Sources */ = {
			isa = PBXSourcesBuildPhase;
			buildActionMask = 2147483647;
			files = (
				BD290DC618DA1FFF00706D7C /* JSONopdrachtTests.m in Sources */,
			);
			runOnlyForDeploymentPostprocessing = 0;
		};
/* End PBXSourcesBuildPhase section */

/* Begin PBXTargetDependency section */
		BD290DBE18DA1FFF00706D7C /* PBXTargetDependency */ = {
			isa = PBXTargetDependency;
			target = BD290D9618DA1FFF00706D7C /* JSONopdracht */;
			targetProxy = BD290DBD18DA1FFF00706D7C /* PBXContainerItemProxy */;
		};
/* End PBXTargetDependency section */

/* Begin PBXVariantGroup section */
		BD290DA318DA1FFF00706D7C /* InfoPlist.strings */ = {
			isa = PBXVariantGroup;
			children = (
				BD290DA418DA1FFF00706D7C /* en */,
			);
			name = InfoPlist.strings;
			sourceTree = "<group>";
		};
		BD290DAC18DA1FFF00706D7C /* Main.storyboard */ = {
			isa = PBXVariantGroup;
			children = (
				BD290DAD18DA1FFF00706D7C /* Base */,
			);
			name = Main.storyboard;
			sourceTree = "<group>";
		};
		BD290DC218DA1FFF00706D7C /* InfoPlist.strings */ = {
			isa = PBXVariantGroup;
			children = (
				BD290DC318DA1FFF00706D7C /* en */,
			);
			name = InfoPlist.strings;
			sourceTree = "<group>";
		};
/* End PBXVariantGroup section */

/* Begin XCBuildConfiguration section */
		BD290DC718DA1FFF00706D7C /* Debug */ = {
			isa = XCBuildConfiguration;
			buildSettings = {
				ALWAYS_SEARCH_USER_PATHS = NO;
				ARCHS = "$(ARCHS_STANDARD_INCLUDING_64_BIT)";
				CLANG_CXX_LANGUAGE_STANDARD = "gnu++0x";
				CLANG_CXX_LIBRARY = "libc++";
				CLANG_ENABLE_MODULES = YES;
				CLANG_ENABLE_OBJC_ARC = YES;
				CLANG_WARN_BOOL_CONVERSION = YES;
				CLANG_WARN_CONSTANT_CONVERSION = YES;
				CLANG_WARN_DIRECT_OBJC_ISA_USAGE = YES_ERROR;
				CLANG_WARN_EMPTY_BODY = YES;
				CLANG_WARN_ENUM_CONVERSION = YES;
				CLANG_WARN_INT_CONVERSION = YES;
				CLANG_WARN_OBJC_ROOT_CLASS = YES_ERROR;
				CLANG_WARN__DUPLICATE_METHOD_MATCH = YES;
				"CODE_SIGN_IDENTITY[sdk=iphoneos*]" = "iPhone Developer";
				COPY_PHASE_STRIP = NO;
				GCC_C_LANGUAGE_STANDARD = gnu99;
				GCC_DYNAMIC_NO_PIC = NO;
				GCC_OPTIMIZATION_LEVEL = 0;
				GCC_PREPROCESSOR_DEFINITIONS = (
					"DEBUG=1",
					"$(inherited)",
				);
				GCC_SYMBOLS_PRIVATE_EXTERN = NO;
				GCC_WARN_64_TO_32_BIT_CONVERSION = YES;
				GCC_WARN_ABOUT_RETURN_TYPE = YES_ERROR;
				GCC_WARN_UNDECLARED_SELECTOR = YES;
				GCC_WARN_UNINITIALIZED_AUTOS = YES;
				GCC_WARN_UNUSED_FUNCTION = YES;
				GCC_WARN_UNUSED_VARIABLE = YES;
				IPHONEOS_DEPLOYMENT_TARGET = 7.0;
				ONLY_ACTIVE_ARCH = YES;
				SDKROOT = iphoneos;
				TARGETED_DEVICE_FAMILY = 2;
			};
			name = Debug;
		};
		BD290DC818DA1FFF00706D7C /* Release */ = {
			isa = XCBuildConfiguration;
			buildSettings = {
				ALWAYS_SEARCH_USER_PATHS = NO;
				ARCHS = "$(ARCHS_STANDARD_INCLUDING_64_BIT)";
				CLANG_CXX_LANGUAGE_STANDARD = "gnu++0x";
				CLANG_CXX_LIBRARY = "libc++";
				CLANG_ENABLE_MODULES = YES;
				CLANG_ENABLE_OBJC_ARC = YES;
				CLANG_WARN_BOOL_CONVERSION = YES;
				CLANG_WARN_CONSTANT_CONVERSION = YES;
				CLANG_WARN_DIRECT_OBJC_ISA_USAGE = YES_ERROR;
				CLANG_WARN_EMPTY_BODY = YES;
				CLANG_WARN_ENUM_CONVERSION = YES;
				CLANG_WARN_INT_CONVERSION = YES;
				CLANG_WARN_OBJC_ROOT_CLASS = YES_ERROR;
				CLANG_WARN__DUPLICATE_METHOD_MATCH = YES;
				"CODE_SIGN_IDENTITY[sdk=iphoneos*]" = "iPhone Developer";
				COPY_PHASE_STRIP = YES;
				ENABLE_NS_ASSERTIONS = NO;
				GCC_C_LANGUAGE_STANDARD = gnu99;
				GCC_WARN_64_TO_32_BIT_CONVERSION = YES;
				GCC_WARN_ABOUT_RETURN_TYPE = YES_ERROR;
				GCC_WARN_UNDECLARED_SELECTOR = YES;
				GCC_WARN_UNINITIALIZED_AUTOS = YES;
				GCC_WARN_UNUSED_FUNCTION = YES;
				GCC_WARN_UNUSED_VARIABLE = YES;
				IPHONEOS_DEPLOYMENT_TARGET = 7.0;
				SDKROOT = iphoneos;
				TARGETED_DEVICE_FAMILY = 2;
				VALIDATE_PRODUCT = YES;
			};
			name = Release;
		};
		BD290DCA18DA1FFF00706D7C /* Debug */ = {
			isa = XCBuildConfiguration;
			buildSettings = {
				ASSETCATALOG_COMPILER_APPICON_NAME = AppIcon;
				ASSETCATALOG_COMPILER_LAUNCHIMAGE_NAME = LaunchImage;
				CODE_SIGN_IDENTITY = "iPhone Developer";
				"CODE_SIGN_IDENTITY[sdk=iphoneos*]" = "iPhone Developer";
				FRAMEWORK_SEARCH_PATHS = (
					"$(inherited)",
					"$(DEVELOPER_FRAMEWORKS_DIR)",
				);
				GCC_PRECOMPILE_PREFIX_HEADER = YES;
				GCC_PREFIX_HEADER = "JSONopdracht/JSONopdracht-Prefix.pch";
				INFOPLIST_FILE = "JSONopdracht/JSONopdracht-Info.plist";
				PRODUCT_NAME = "$(TARGET_NAME)";
				PROVISIONING_PROFILE = "";
				WRAPPER_EXTENSION = app;
			};
			name = Debug;
		};
		BD290DCB18DA1FFF00706D7C /* Release */ = {
			isa = XCBuildConfiguration;
			buildSettings = {
				ASSETCATALOG_COMPILER_APPICON_NAME = AppIcon;
				ASSETCATALOG_COMPILER_LAUNCHIMAGE_NAME = LaunchImage;
				CODE_SIGN_IDENTITY = "iPhone Developer";
				"CODE_SIGN_IDENTITY[sdk=iphoneos*]" = "iPhone Developer";
				FRAMEWORK_SEARCH_PATHS = (
					"$(inherited)",
					"$(DEVELOPER_FRAMEWORKS_DIR)",
				);
				GCC_PRECOMPILE_PREFIX_HEADER = YES;
				GCC_PREFIX_HEADER = "JSONopdracht/JSONopdracht-Prefix.pch";
				INFOPLIST_FILE = "JSONopdracht/JSONopdracht-Info.plist";
				PRODUCT_NAME = "$(TARGET_NAME)";
				PROVISIONING_PROFILE = "";
				WRAPPER_EXTENSION = app;
			};
			name = Release;
		};
		BD290DCD18DA1FFF00706D7C /* Debug */ = {
			isa = XCBuildConfiguration;
			buildSettings = {
				ARCHS = "$(ARCHS_STANDARD_INCLUDING_64_BIT)";
				BUNDLE_LOADER = "$(BUILT_PRODUCTS_DIR)/JSONopdracht.app/JSONopdracht";
				FRAMEWORK_SEARCH_PATHS = (
					"$(SDKROOT)/Developer/Library/Frameworks",
					"$(inherited)",
					"$(DEVELOPER_FRAMEWORKS_DIR)",
				);
				GCC_PRECOMPILE_PREFIX_HEADER = YES;
				GCC_PREFIX_HEADER = "JSONopdracht/JSONopdracht-Prefix.pch";
				GCC_PREPROCESSOR_DEFINITIONS = (
					"DEBUG=1",
					"$(inherited)",
				);
				INFOPLIST_FILE = "JSONopdrachtTests/JSONopdrachtTests-Info.plist";
				PRODUCT_NAME = "$(TARGET_NAME)";
				TEST_HOST = "$(BUNDLE_LOADER)";
				WRAPPER_EXTENSION = xctest;
			};
			name = Debug;
		};
		BD290DCE18DA1FFF00706D7C /* Release */ = {
			isa = XCBuildConfiguration;
			buildSettings = {
				ARCHS = "$(ARCHS_STANDARD_INCLUDING_64_BIT)";
				BUNDLE_LOADER = "$(BUILT_PRODUCTS_DIR)/JSONopdracht.app/JSONopdracht";
				FRAMEWORK_SEARCH_PATHS = (
					"$(SDKROOT)/Developer/Library/Frameworks",
					"$(inherited)",
					"$(DEVELOPER_FRAMEWORKS_DIR)",
				);
				GCC_PRECOMPILE_PREFIX_HEADER = YES;
				GCC_PREFIX_HEADER = "JSONopdracht/JSONopdracht-Prefix.pch";
				INFOPLIST_FILE = "JSONopdrachtTests/JSONopdrachtTests-Info.plist";
				PRODUCT_NAME = "$(TARGET_NAME)";
				TEST_HOST = "$(BUNDLE_LOADER)";
				WRAPPER_EXTENSION = xctest;
			};
			name = Release;
		};
/* End XCBuildConfiguration section */

/* Begin XCConfigurationList section */
		BD290D9218DA1FFF00706D7C /* Build configuration list for PBXProject "JSONopdracht" */ = {
			isa = XCConfigurationList;
			buildConfigurations = (
				BD290DC718DA1FFF00706D7C /* Debug */,
				BD290DC818DA1FFF00706D7C /* Release */,
			);
			defaultConfigurationIsVisible = 0;
			defaultConfigurationName = Release;
		};
		BD290DC918DA1FFF00706D7C /* Build configuration list for PBXNativeTarget "JSONopdracht" */ = {
			isa = XCConfigurationList;
			buildConfigurations = (
				BD290DCA18DA1FFF00706D7C /* Debug */,
				BD290DCB18DA1FFF00706D7C /* Release */,
			);
			defaultConfigurationIsVisible = 0;
			defaultConfigurationName = Release;
		};
		BD290DCC18DA1FFF00706D7C /* Build configuration list for PBXNativeTarget "JSONopdrachtTests" */ = {
			isa = XCConfigurationList;
			buildConfigurations = (
				BD290DCD18DA1FFF00706D7C /* Debug */,
				BD290DCE18DA1FFF00706D7C /* Release */,
			);
			defaultConfigurationIsVisible = 0;
			defaultConfigurationName = Release;
		};
/* End XCConfigurationList section */
	};
	rootObject = BD290D8F18DA1FFF00706D7C /* Project object */;
}
